// !$*UTF8*$!
{
	archiveVersion = 1;
	classes = {
	};
	objectVersion = 51;
	objects = {

/* Begin PBXBuildFile section */
		1C47D4D00FB2EFA0DF2BE584 /* Pods_DailyHasslesApp2.framework in Frameworks */ = {isa = PBXBuildFile; fileRef = F766EB1D0BA73FD54E2D5933 /* Pods_DailyHasslesApp2.framework */; };
		5E0004082624976F001654C2 /* MessageModel.swift in Sources */ = {isa = PBXBuildFile; fileRef = 5E0004072624976F001654C2 /* MessageModel.swift */; };
		5E161E422624823F00B5BE7F /* ChatViewController.swift in Sources */ = {isa = PBXBuildFile; fileRef = 5E161E412624823F00B5BE7F /* ChatViewController.swift */; };
		5E2F0B232623DF1100A15DA1 /* GoogleService-Info.plist in Resources */ = {isa = PBXBuildFile; fileRef = 5E2F0B222623DF1100A15DA1 /* GoogleService-Info.plist */; };
		5E2F0B2B2623E22900A15DA1 /* RegisterViewController.swift in Sources */ = {isa = PBXBuildFile; fileRef = 5E2F0B2A2623E22900A15DA1 /* RegisterViewController.swift */; };
		5E2F0B2F2623E26700A15DA1 /* CheckPermission.swift in Sources */ = {isa = PBXBuildFile; fileRef = 5E2F0B2E2623E26700A15DA1 /* CheckPermission.swift */; };
		5E900F6C26233E2F0003A87C /* AppDelegate.swift in Sources */ = {isa = PBXBuildFile; fileRef = 5E900F6B26233E2F0003A87C /* AppDelegate.swift */; };
		5E900F6E26233E2F0003A87C /* SceneDelegate.swift in Sources */ = {isa = PBXBuildFile; fileRef = 5E900F6D26233E2F0003A87C /* SceneDelegate.swift */; };
		5E900F7026233E2F0003A87C /* ViewController.swift in Sources */ = {isa = PBXBuildFile; fileRef = 5E900F6F26233E2F0003A87C /* ViewController.swift */; };
		5E900F7326233E2F0003A87C /* Main.storyboard in Resources */ = {isa = PBXBuildFile; fileRef = 5E900F7126233E2F0003A87C /* Main.storyboard */; };
		5E900F7526233E310003A87C /* Assets.xcassets in Resources */ = {isa = PBXBuildFile; fileRef = 5E900F7426233E310003A87C /* Assets.xcassets */; };
		5E900F7826233E310003A87C /* LaunchScreen.storyboard in Resources */ = {isa = PBXBuildFile; fileRef = 5E900F7626233E310003A87C /* LaunchScreen.storyboard */; };
		5EC1C71F2624033C00206BDC /* SendToDBModel.swift in Sources */ = {isa = PBXBuildFile; fileRef = 5EC1C71E2624033C00206BDC /* SendToDBModel.swift */; };
		5EED0A0E26241CF600A2398C /* TabBarController.swift in Sources */ = {isa = PBXBuildFile; fileRef = 5EED0A0D26241CF600A2398C /* TabBarController.swift */; };
/* End PBXBuildFile section */

/* Begin PBXFileReference section */
		5BC8D2BE25E52D15FB4CA94D /* Pods-DailyHasslesApp2.release.xcconfig */ = {isa = PBXFileReference; includeInIndex = 1; lastKnownFileType = text.xcconfig; name = "Pods-DailyHasslesApp2.release.xcconfig"; path = "Target Support Files/Pods-DailyHasslesApp2/Pods-DailyHasslesApp2.release.xcconfig"; sourceTree = "<group>"; };
		5E0004072624976F001654C2 /* MessageModel.swift */ = {isa = PBXFileReference; lastKnownFileType = sourcecode.swift; path = MessageModel.swift; sourceTree = "<group>"; };
		5E161E412624823F00B5BE7F /* ChatViewController.swift */ = {isa = PBXFileReference; lastKnownFileType = sourcecode.swift; path = ChatViewController.swift; sourceTree = "<group>"; };
		5E2F0B222623DF1100A15DA1 /* GoogleService-Info.plist */ = {isa = PBXFileReference; fileEncoding = 4; lastKnownFileType = text.plist.xml; path = "GoogleService-Info.plist"; sourceTree = "<group>"; };
		5E2F0B2A2623E22900A15DA1 /* RegisterViewController.swift */ = {isa = PBXFileReference; lastKnownFileType = sourcecode.swift; path = RegisterViewController.swift; sourceTree = "<group>"; };
		5E2F0B2E2623E26700A15DA1 /* CheckPermission.swift */ = {isa = PBXFileReference; lastKnownFileType = sourcecode.swift; path = CheckPermission.swift; sourceTree = "<group>"; };
		5E900F6826233E2F0003A87C /* DailyHasslesApp2.app */ = {isa = PBXFileReference; explicitFileType = wrapper.application; includeInIndex = 0; path = DailyHasslesApp2.app; sourceTree = BUILT_PRODUCTS_DIR; };
		5E900F6B26233E2F0003A87C /* AppDelegate.swift */ = {isa = PBXFileReference; lastKnownFileType = sourcecode.swift; path = AppDelegate.swift; sourceTree = "<group>"; };
		5E900F6D26233E2F0003A87C /* SceneDelegate.swift */ = {isa = PBXFileReference; lastKnownFileType = sourcecode.swift; path = SceneDelegate.swift; sourceTree = "<group>"; };
		5E900F6F26233E2F0003A87C /* ViewController.swift */ = {isa = PBXFileReference; lastKnownFileType = sourcecode.swift; path = ViewController.swift; sourceTree = "<group>"; };
		5E900F7226233E2F0003A87C /* Base */ = {isa = PBXFileReference; lastKnownFileType = file.storyboard; name = Base; path = Base.lproj/Main.storyboard; sourceTree = "<group>"; };
		5E900F7426233E310003A87C /* Assets.xcassets */ = {isa = PBXFileReference; lastKnownFileType = folder.assetcatalog; path = Assets.xcassets; sourceTree = "<group>"; };
		5E900F7726233E310003A87C /* Base */ = {isa = PBXFileReference; lastKnownFileType = file.storyboard; name = Base; path = Base.lproj/LaunchScreen.storyboard; sourceTree = "<group>"; };
		5E900F7926233E310003A87C /* Info.plist */ = {isa = PBXFileReference; lastKnownFileType = text.plist.xml; path = Info.plist; sourceTree = "<group>"; };
		5EC1C71E2624033C00206BDC /* SendToDBModel.swift */ = {isa = PBXFileReference; lastKnownFileType = sourcecode.swift; path = SendToDBModel.swift; sourceTree = "<group>"; };
		5EED0A0D26241CF600A2398C /* TabBarController.swift */ = {isa = PBXFileReference; lastKnownFileType = sourcecode.swift; path = TabBarController.swift; sourceTree = "<group>"; };
		F766EB1D0BA73FD54E2D5933 /* Pods_DailyHasslesApp2.framework */ = {isa = PBXFileReference; explicitFileType = wrapper.framework; includeInIndex = 0; path = Pods_DailyHasslesApp2.framework; sourceTree = BUILT_PRODUCTS_DIR; };
		FC70EECCD5A89FE9D5D725F0 /* Pods-DailyHasslesApp2.debug.xcconfig */ = {isa = PBXFileReference; includeInIndex = 1; lastKnownFileType = text.xcconfig; name = "Pods-DailyHasslesApp2.debug.xcconfig"; path = "Target Support Files/Pods-DailyHasslesApp2/Pods-DailyHasslesApp2.debug.xcconfig"; sourceTree = "<group>"; };
/* End PBXFileReference section */

/* Begin PBXFrameworksBuildPhase section */
		5E900F6526233E2F0003A87C /* Frameworks */ = {
			isa = PBXFrameworksBuildPhase;
			buildActionMask = 2147483647;
			files = (
				1C47D4D00FB2EFA0DF2BE584 /* Pods_DailyHasslesApp2.framework in Frameworks */,
			);
			runOnlyForDeploymentPostprocessing = 0;
		};
/* End PBXFrameworksBuildPhase section */

/* Begin PBXGroup section */
		5E2F0B282623E20A00A15DA1 /* Controller */ = {
			isa = PBXGroup;
			children = (
				5E900F6F26233E2F0003A87C /* ViewController.swift */,
				5E2F0B2A2623E22900A15DA1 /* RegisterViewController.swift */,
				5EED0A0D26241CF600A2398C /* TabBarController.swift */,
				5E161E412624823F00B5BE7F /* ChatViewController.swift */,
			);
			path = Controller;
			sourceTree = "<group>";
		};
		5E2F0B2D2623E24200A15DA1 /* Model */ = {
			isa = PBXGroup;
			children = (
				5E2F0B2E2623E26700A15DA1 /* CheckPermission.swift */,
				5EC1C71E2624033C00206BDC /* SendToDBModel.swift */,
				5E0004072624976F001654C2 /* MessageModel.swift */,
			);
			path = Model;
			sourceTree = "<group>";
		};
		5E900F5F26233E2F0003A87C = {
			isa = PBXGroup;
			children = (
				5E900F6A26233E2F0003A87C /* DailyHasslesApp2 */,
				5E900F6926233E2F0003A87C /* Products */,
				92F88290B3CD58B8B36E82BF /* Pods */,
				8A65907E764FF61AC36870F5 /* Frameworks */,
			);
			sourceTree = "<group>";
		};
		5E900F6926233E2F0003A87C /* Products */ = {
			isa = PBXGroup;
			children = (
				5E900F6826233E2F0003A87C /* DailyHasslesApp2.app */,
			);
			name = Products;
			sourceTree = "<group>";
		};
		5E900F6A26233E2F0003A87C /* DailyHasslesApp2 */ = {
			isa = PBXGroup;
			children = (
				5E900F6B26233E2F0003A87C /* AppDelegate.swift */,
				5E900F6D26233E2F0003A87C /* SceneDelegate.swift */,
				5E2F0B2D2623E24200A15DA1 /* Model */,
				5E2F0B282623E20A00A15DA1 /* Controller */,
				5E900F7126233E2F0003A87C /* Main.storyboard */,
				5E900F7426233E310003A87C /* Assets.xcassets */,
				5E900F7626233E310003A87C /* LaunchScreen.storyboard */,
				5E900F7926233E310003A87C /* Info.plist */,
				5E2F0B222623DF1100A15DA1 /* GoogleService-Info.plist */,
			);
			path = DailyHasslesApp2;
			sourceTree = "<group>";
		};
		8A65907E764FF61AC36870F5 /* Frameworks */ = {
			isa = PBXGroup;
			children = (
				F766EB1D0BA73FD54E2D5933 /* Pods_DailyHasslesApp2.framework */,
			);
			name = Frameworks;
			sourceTree = "<group>";
		};
		92F88290B3CD58B8B36E82BF /* Pods */ = {
			isa = PBXGroup;
			children = (
				FC70EECCD5A89FE9D5D725F0 /* Pods-DailyHasslesApp2.debug.xcconfig */,
				5BC8D2BE25E52D15FB4CA94D /* Pods-DailyHasslesApp2.release.xcconfig */,
			);
			path = Pods;
			sourceTree = "<group>";
		};
/* End PBXGroup section */

/* Begin PBXNativeTarget section */
		5E900F6726233E2F0003A87C /* DailyHasslesApp2 */ = {
			isa = PBXNativeTarget;
			buildConfigurationList = 5E900F7C26233E310003A87C /* Build configuration list for PBXNativeTarget "DailyHasslesApp2" */;
			buildPhases = (
				7D75CF86AC6800C2B2B54252 /* [CP] Check Pods Manifest.lock */,
				5E900F6426233E2F0003A87C /* Sources */,
				5E900F6526233E2F0003A87C /* Frameworks */,
				5E900F6626233E2F0003A87C /* Resources */,
				6B679608B2E9BCC2DFF3B64A /* [CP] Embed Pods Frameworks */,
			);
			buildRules = (
			);
			dependencies = (
			);
			name = DailyHasslesApp2;
			productName = DailyHasslesApp2;
			productReference = 5E900F6826233E2F0003A87C /* DailyHasslesApp2.app */;
			productType = "com.apple.product-type.application";
		};
/* End PBXNativeTarget section */

/* Begin PBXProject section */
		5E900F6026233E2F0003A87C /* Project object */ = {
			isa = PBXProject;
			attributes = {
				LastSwiftUpdateCheck = 1240;
				LastUpgradeCheck = 1240;
				TargetAttributes = {
					5E900F6726233E2F0003A87C = {
						CreatedOnToolsVersion = 12.4;
					};
				};
			};
			buildConfigurationList = 5E900F6326233E2F0003A87C /* Build configuration list for PBXProject "DailyHasslesApp2" */;
			compatibilityVersion = "Xcode 9.3";
			developmentRegion = en;
			hasScannedForEncodings = 0;
			knownRegions = (
				en,
				Base,
			);
			mainGroup = 5E900F5F26233E2F0003A87C;
			productRefGroup = 5E900F6926233E2F0003A87C /* Products */;
			projectDirPath = "";
			projectRoot = "";
			targets = (
				5E900F6726233E2F0003A87C /* DailyHasslesApp2 */,
			);
		};
/* End PBXProject section */

/* Begin PBXResourcesBuildPhase section */
		5E900F6626233E2F0003A87C /* Resources */ = {
			isa = PBXResourcesBuildPhase;
			buildActionMask = 2147483647;
			files = (
				5E900F7826233E310003A87C /* LaunchScreen.storyboard in Resources */,
				5E900F7526233E310003A87C /* Assets.xcassets in Resources */,
				5E2F0B232623DF1100A15DA1 /* GoogleService-Info.plist in Resources */,
				5E900F7326233E2F0003A87C /* Main.storyboard in Resources */,
			);
			runOnlyForDeploymentPostprocessing = 0;
		};
/* End PBXResourcesBuildPhase section */

/* Begin PBXShellScriptBuildPhase section */
		6B679608B2E9BCC2DFF3B64A /* [CP] Embed Pods Frameworks */ = {
			isa = PBXShellScriptBuildPhase;
			buildActionMask = 2147483647;
			files = (
			);
			inputFileListPaths = (
				"${PODS_ROOT}/Target Support Files/Pods-DailyHasslesApp2/Pods-DailyHasslesApp2-frameworks-${CONFIGURATION}-input-files.xcfilelist",
			);
			name = "[CP] Embed Pods Frameworks";
			outputFileListPaths = (
				"${PODS_ROOT}/Target Support Files/Pods-DailyHasslesApp2/Pods-DailyHasslesApp2-frameworks-${CONFIGURATION}-output-files.xcfilelist",
			);
			runOnlyForDeploymentPostprocessing = 0;
			shellPath = /bin/sh;
			shellScript = "\"${PODS_ROOT}/Target Support Files/Pods-DailyHasslesApp2/Pods-DailyHasslesApp2-frameworks.sh\"\n";
			showEnvVarsInLog = 0;
		};
		7D75CF86AC6800C2B2B54252 /* [CP] Check Pods Manifest.lock */ = {
			isa = PBXShellScriptBuildPhase;
			buildActionMask = 2147483647;
			files = (
			);
			inputFileListPaths = (
			);
			inputPaths = (
				"${PODS_PODFILE_DIR_PATH}/Podfile.lock",
				"${PODS_ROOT}/Manifest.lock",
			);
			name = "[CP] Check Pods Manifest.lock";
			outputFileListPaths = (
			);
			outputPaths = (
				"$(DERIVED_FILE_DIR)/Pods-DailyHasslesApp2-checkManifestLockResult.txt",
			);
			runOnlyForDeploymentPostprocessing = 0;
			shellPath = /bin/sh;
			shellScript = "diff \"${PODS_PODFILE_DIR_PATH}/Podfile.lock\" \"${PODS_ROOT}/Manifest.lock\" > /dev/null\nif [ $? != 0 ] ; then\n    # print error to STDERR\n    echo \"error: The sandbox is not in sync with the Podfile.lock. Run 'pod install' or update your CocoaPods installation.\" >&2\n    exit 1\nfi\n# This output is used by Xcode 'outputs' to avoid re-running this script phase.\necho \"SUCCESS\" > \"${SCRIPT_OUTPUT_FILE_0}\"\n";
			showEnvVarsInLog = 0;
		};
/* End PBXShellScriptBuildPhase section */

/* Begin PBXSourcesBuildPhase section */
		5E900F6426233E2F0003A87C /* Sources */ = {
			isa = PBXSourcesBuildPhase;
			buildActionMask = 2147483647;
			files = (
				5E2F0B2F2623E26700A15DA1 /* CheckPermission.swift in Sources */,
				5E900F7026233E2F0003A87C /* ViewController.swift in Sources */,
				5E161E422624823F00B5BE7F /* ChatViewController.swift in Sources */,
				5E900F6C26233E2F0003A87C /* AppDelegate.swift in Sources */,
				5E900F6E26233E2F0003A87C /* SceneDelegate.swift in Sources */,
				5EED0A0E26241CF600A2398C /* TabBarController.swift in Sources */,
				5EC1C71F2624033C00206BDC /* SendToDBModel.swift in Sources */,
				5E0004082624976F001654C2 /* MessageModel.swift in Sources */,
				5E2F0B2B2623E22900A15DA1 /* RegisterViewController.swift in Sources */,
			);
			runOnlyForDeploymentPostprocessing = 0;
		};
/* End PBXSourcesBuildPhase section */

/* Begin PBXVariantGroup section */
		5E900F7126233E2F0003A87C /* Main.storyboard */ = {
			isa = PBXVariantGroup;
			children = (
				5E900F7226233E2F0003A87C /* Base */,
			);
			name = Main.storyboard;
			sourceTree = "<group>";
		};
		5E900F7626233E310003A87C /* LaunchScreen.storyboard */ = {
			isa = PBXVariantGroup;
			children = (
				5E900F7726233E310003A87C /* Base */,
			);
			name = LaunchScreen.storyboard;
			sourceTree = "<group>";
		};
/* End PBXVariantGroup section */

/* Begin XCBuildConfiguration section */
		5E900F7A26233E310003A87C /* Debug */ = {
			isa = XCBuildConfiguration;
			buildSettings = {
				ALWAYS_SEARCH_USER_PATHS = NO;
				CLANG_ANALYZER_NONNULL = YES;
				CLANG_ANALYZER_NUMBER_OBJECT_CONVERSION = YES_AGGRESSIVE;
				CLANG_CXX_LANGUAGE_STANDARD = "gnu++14";
				CLANG_CXX_LIBRARY = "libc++";
				CLANG_ENABLE_MODULES = YES;
				CLANG_ENABLE_OBJC_ARC = YES;
				CLANG_ENABLE_OBJC_WEAK = YES;
				CLANG_WARN_BLOCK_CAPTURE_AUTORELEASING = YES;
				CLANG_WARN_BOOL_CONVERSION = YES;
				CLANG_WARN_COMMA = YES;
				CLANG_WARN_CONSTANT_CONVERSION = YES;
				CLANG_WARN_DEPRECATED_OBJC_IMPLEMENTATIONS = YES;
				CLANG_WARN_DIRECT_OBJC_ISA_USAGE = YES_ERROR;
				CLANG_WARN_DOCUMENTATION_COMMENTS = YES;
				CLANG_WARN_EMPTY_BODY = YES;
				CLANG_WARN_ENUM_CONVERSION = YES;
				CLANG_WARN_INFINITE_RECURSION = YES;
				CLANG_WARN_INT_CONVERSION = YES;
				CLANG_WARN_NON_LITERAL_NULL_CONVERSION = YES;
				CLANG_WARN_OBJC_IMPLICIT_RETAIN_SELF = YES;
				CLANG_WARN_OBJC_LITERAL_CONVERSION = YES;
				CLANG_WARN_OBJC_ROOT_CLASS = YES_ERROR;
				CLANG_WARN_QUOTED_INCLUDE_IN_FRAMEWORK_HEADER = YES;
				CLANG_WARN_RANGE_LOOP_ANALYSIS = YES;
				CLANG_WARN_STRICT_PROTOTYPES = YES;
				CLANG_WARN_SUSPICIOUS_MOVE = YES;
				CLANG_WARN_UNGUARDED_AVAILABILITY = YES_AGGRESSIVE;
				CLANG_WARN_UNREACHABLE_CODE = YES;
				CLANG_WARN__DUPLICATE_METHOD_MATCH = YES;
				COPY_PHASE_STRIP = NO;
				DEBUG_INFORMATION_FORMAT = dwarf;
				ENABLE_STRICT_OBJC_MSGSEND = YES;
				ENABLE_TESTABILITY = YES;
				GCC_C_LANGUAGE_STANDARD = gnu11;
				GCC_DYNAMIC_NO_PIC = NO;
				GCC_NO_COMMON_BLOCKS = YES;
				GCC_OPTIMIZATION_LEVEL = 0;
				GCC_PREPROCESSOR_DEFINITIONS = (
					"DEBUG=1",
					"$(inherited)",
				);
				GCC_WARN_64_TO_32_BIT_CONVERSION = YES;
				GCC_WARN_ABOUT_RETURN_TYPE = YES_ERROR;
				GCC_WARN_UNDECLARED_SELECTOR = YES;
				GCC_WARN_UNINITIALIZED_AUTOS = YES_AGGRESSIVE;
				GCC_WARN_UNUSED_FUNCTION = YES;
				GCC_WARN_UNUSED_VARIABLE = YES;
				IPHONEOS_DEPLOYMENT_TARGET = 14.4;
				MTL_ENABLE_DEBUG_INFO = INCLUDE_SOURCE;
				MTL_FAST_MATH = YES;
				ONLY_ACTIVE_ARCH = YES;
				SDKROOT = iphoneos;
				SWIFT_ACTIVE_COMPILATION_CONDITIONS = DEBUG;
				SWIFT_OPTIMIZATION_LEVEL = "-Onone";
			};
			name = Debug;
		};
		5E900F7B26233E310003A87C /* Release */ = {
			isa = XCBuildConfiguration;
			buildSettings = {
				ALWAYS_SEARCH_USER_PATHS = NO;
				CLANG_ANALYZER_NONNULL = YES;
				CLANG_ANALYZER_NUMBER_OBJECT_CONVERSION = YES_AGGRESSIVE;
				CLANG_CXX_LANGUAGE_STANDARD = "gnu++14";
				CLANG_CXX_LIBRARY = "libc++";
				CLANG_ENABLE_MODULES = YES;
				CLANG_ENABLE_OBJC_ARC = YES;
				CLANG_ENABLE_OBJC_WEAK = YES;
				CLANG_WARN_BLOCK_CAPTURE_AUTORELEASING = YES;
				CLANG_WARN_BOOL_CONVERSION = YES;
				CLANG_WARN_COMMA = YES;
				CLANG_WARN_CONSTANT_CONVERSION = YES;
				CLANG_WARN_DEPRECATED_OBJC_IMPLEMENTATIONS = YES;
				CLANG_WARN_DIRECT_OBJC_ISA_USAGE = YES_ERROR;
				CLANG_WARN_DOCUMENTATION_COMMENTS = YES;
				CLANG_WARN_EMPTY_BODY = YES;
				CLANG_WARN_ENUM_CONVERSION = YES;
				CLANG_WARN_INFINITE_RECURSION = YES;
				CLANG_WARN_INT_CONVERSION = YES;
				CLANG_WARN_NON_LITERAL_NULL_CONVERSION = YES;
				CLANG_WARN_OBJC_IMPLICIT_RETAIN_SELF = YES;
				CLANG_WARN_OBJC_LITERAL_CONVERSION = YES;
				CLANG_WARN_OBJC_ROOT_CLASS = YES_ERROR;
				CLANG_WARN_QUOTED_INCLUDE_IN_FRAMEWORK_HEADER = YES;
				CLANG_WARN_RANGE_LOOP_ANALYSIS = YES;
				CLANG_WARN_STRICT_PROTOTYPES = YES;
				CLANG_WARN_SUSPICIOUS_MOVE = YES;
				CLANG_WARN_UNGUARDED_AVAILABILITY = YES_AGGRESSIVE;
				CLANG_WARN_UNREACHABLE_CODE = YES;
				CLANG_WARN__DUPLICATE_METHOD_MATCH = YES;
				COPY_PHASE_STRIP = NO;
				DEBUG_INFORMATION_FORMAT = "dwarf-with-dsym";
				ENABLE_NS_ASSERTIONS = NO;
				ENABLE_STRICT_OBJC_MSGSEND = YES;
				GCC_C_LANGUAGE_STANDARD = gnu11;
				GCC_NO_COMMON_BLOCKS = YES;
				GCC_WARN_64_TO_32_BIT_CONVERSION = YES;
				GCC_WARN_ABOUT_RETURN_TYPE = YES_ERROR;
				GCC_WARN_UNDECLARED_SELECTOR = YES;
				GCC_WARN_UNINITIALIZED_AUTOS = YES_AGGRESSIVE;
				GCC_WARN_UNUSED_FUNCTION = YES;
				GCC_WARN_UNUSED_VARIABLE = YES;
				IPHONEOS_DEPLOYMENT_TARGET = 14.4;
				MTL_ENABLE_DEBUG_INFO = NO;
				MTL_FAST_MATH = YES;
				SDKROOT = iphoneos;
				SWIFT_COMPILATION_MODE = wholemodule;
				SWIFT_OPTIMIZATION_LEVEL = "-O";
				VALIDATE_PRODUCT = YES;
			};
			name = Release;
		};
		5E900F7D26233E310003A87C /* Debug */ = {
			isa = XCBuildConfiguration;
			baseConfigurationReference = FC70EECCD5A89FE9D5D725F0 /* Pods-DailyHasslesApp2.debug.xcconfig */;
			buildSettings = {
				ASSETCATALOG_COMPILER_APPICON_NAME = AppIcon;
				ASSETCATALOG_COMPILER_GLOBAL_ACCENT_COLOR_NAME = AccentColor;
				CODE_SIGN_STYLE = Automatic;
				DEVELOPMENT_TEAM = 4U69X8PPXR;
				INFOPLIST_FILE = DailyHasslesApp2/Info.plist;
				LD_RUNPATH_SEARCH_PATHS = (
					"$(inherited)",
					"@executable_path/Frameworks",
				);
				PRODUCT_BUNDLE_IDENTIFIER = com.gmail.poo3gumi.DailyHasslesApp2;
				PRODUCT_NAME = "$(TARGET_NAME)";
				SWIFT_VERSION = 5.0;
				TARGETED_DEVICE_FAMILY = 1;
			};
			name = Debug;
		};
		5E900F7E26233E310003A87C /* Release */ = {
			isa = XCBuildConfiguration;
			baseConfigurationReference = 5BC8D2BE25E52D15FB4CA94D /* Pods-DailyHasslesApp2.release.xcconfig */;
			buildSettings = {
				ASSETCATALOG_COMPILER_APPICON_NAME = AppIcon;
				ASSETCATALOG_COMPILER_GLOBAL_ACCENT_COLOR_NAME = AccentColor;
				CODE_SIGN_STYLE = Automatic;
				DEVELOPMENT_TEAM = 4U69X8PPXR;
				INFOPLIST_FILE = DailyHasslesApp2/Info.plist;
				LD_RUNPATH_SEARCH_PATHS = (
					"$(inherited)",
					"@executable_path/Frameworks",
				);
				PRODUCT_BUNDLE_IDENTIFIER = com.gmail.poo3gumi.DailyHasslesApp2;
				PRODUCT_NAME = "$(TARGET_NAME)";
				SWIFT_VERSION = 5.0;
				TARGETED_DEVICE_FAMILY = 1;
			};
			name = Release;
		};
/* End XCBuildConfiguration section */

/* Begin XCConfigurationList section */
		5E900F6326233E2F0003A87C /* Build configuration list for PBXProject "DailyHasslesApp2" */ = {
			isa = XCConfigurationList;
			buildConfigurations = (
				5E900F7A26233E310003A87C /* Debug */,
				5E900F7B26233E310003A87C /* Release */,
			);
			defaultConfigurationIsVisible = 0;
			defaultConfigurationName = Release;
		};
		5E900F7C26233E310003A87C /* Build configuration list for PBXNativeTarget "DailyHasslesApp2" */ = {
			isa = XCConfigurationList;
			buildConfigurations = (
				5E900F7D26233E310003A87C /* Debug */,
				5E900F7E26233E310003A87C /* Release */,
			);
			defaultConfigurationIsVisible = 0;
			defaultConfigurationName = Release;
		};
/* End XCConfigurationList section */
	};
	rootObject = 5E900F6026233E2F0003A87C /* Project object */;
}
